
Microsoft Visual Studio Solution File, Format Version 12.00
# Visual Studio Version 16
VisualStudioVersion = 16.0.31025.194
MinimumVisualStudioVersion = 10.0.40219.1
Project("{9A19103F-16F7-4668-BE54-9A1E7A4F7556}") = "Task_1_Library", "Task_1\Task_1_Library.csproj", "{3F86ECE5-809F-413D-A032-4FC1DEADAFB7}"
EndProject
Project("{FAE04EC0-301F-11D3-BF4B-00C04F79EFBC}") = "Task_1_App", "Task_1_App\Task_1_App.csproj", "{778F7F37-7FBA-4D32-9155-DA9443A28D75}"
EndProject
Project("{2150E333-8FDC-42A3-9474-1A3956D46DE8}") = "Task_1", "Task_1", "{D63CEE85-F4E2-45C5-BB1C-D33C45CC6F68}"
EndProject
Project("{FAE04EC0-301F-11D3-BF4B-00C04F79EFBC}") = "Task_2", "Task_2\Task_2.csproj", "{54C9CFB3-733E-45EF-A22E-5C6394B473A3}"
EndProject
Global
	GlobalSection(SolutionConfigurationPlatforms) = preSolution
		Debug|Any CPU = Debug|Any CPU
		Release|Any CPU = Release|Any CPU
	EndGlobalSection
	GlobalSection(ProjectConfigurationPlatforms) = postSolution
		{3F86ECE5-809F-413D-A032-4FC1DEADAFB7}.Debug|Any CPU.ActiveCfg = Debug|Any CPU
		{3F86ECE5-809F-413D-A032-4FC1DEADAFB7}.Debug|Any CPU.Build.0 = Debug|Any CPU
		{3F86ECE5-809F-413D-A032-4FC1DEADAFB7}.Release|Any CPU.ActiveCfg = Release|Any CPU
		{3F86ECE5-809F-413D-A032-4FC1DEADAFB7}.Release|Any CPU.Build.0 = Release|Any CPU
		{778F7F37-7FBA-4D32-9155-DA9443A28D75}.Debug|Any CPU.ActiveCfg = Debug|Any CPU
		{778F7F37-7FBA-4D32-9155-DA9443A28D75}.Debug|Any CPU.Build.0 = Debug|Any CPU
		{778F7F37-7FBA-4D32-9155-DA9443A28D75}.Release|Any CPU.ActiveCfg = Release|Any CPU
		{778F7F37-7FBA-4D32-9155-DA9443A28D75}.Release|Any CPU.Build.0 = Release|Any CPU
		{54C9CFB3-733E-45EF-A22E-5C6394B473A3}.Debug|Any CPU.ActiveCfg = Debug|Any CPU
		{54C9CFB3-733E-45EF-A22E-5C6394B473A3}.Debug|Any CPU.Build.0 = Debug|Any CPU
		{54C9CFB3-733E-45EF-A22E-5C6394B473A3}.Release|Any CPU.ActiveCfg = Release|Any CPU
		{54C9CFB3-733E-45EF-A22E-5C6394B473A3}.Release|Any CPU.Build.0 = Release|Any CPU
	EndGlobalSection
	GlobalSection(SolutionProperties) = preSolution
		HideSolutionNode = FALSE
	EndGlobalSection
	GlobalSection(NestedProjects) = preSolution
		{3F86ECE5-809F-413D-A032-4FC1DEADAFB7} = {D63CEE85-F4E2-45C5-BB1C-D33C45CC6F68}
		{778F7F37-7FBA-4D32-9155-DA9443A28D75} = {D63CEE85-F4E2-45C5-BB1C-D33C45CC6F68}
	EndGlobalSection
	GlobalSection(ExtensibilityGlobals) = postSolution
		SolutionGuid = {2904B8BF-64B6-42DF-BD54-E00E476DEF78}
	EndGlobalSection
EndGlobal
